
Microsoft Visual Studio Solution File, Format Version 12.00
# Visual Studio 2013
VisualStudioVersion = 12.0.21005.1
MinimumVisualStudioVersion = 10.0.40219.1
Project("{FAE04EC0-301F-11D3-BF4B-00C04F79EFBC}") = "Решебник Слау", "Решебник Слау\Решебник Слау.csproj", "{6A717F26-B3F8-4031-90DC-50382365A252}"
EndProject
Global
	GlobalSection(SolutionConfigurationPlatforms) = preSolution
		Debug|Any CPU = Debug|Any CPU
		Release|Any CPU = Release|Any CPU
	EndGlobalSection
	GlobalSection(ProjectConfigurationPlatforms) = postSolution
		{6A717F26-B3F8-4031-90DC-50382365A252}.Debug|Any CPU.ActiveCfg = Debug|Any CPU
		{6A717F26-B3F8-4031-90DC-50382365A252}.Debug|Any CPU.Build.0 = Debug|Any CPU
		{6A717F26-B3F8-4031-90DC-50382365A252}.Release|Any CPU.ActiveCfg = Release|Any CPU
		{6A717F26-B3F8-4031-90DC-50382365A252}.Release|Any CPU.Build.0 = Release|Any CPU
	EndGlobalSection
	GlobalSection(SolutionProperties) = preSolution
		HideSolutionNode = FALSE
	EndGlobalSection
EndGlobal
